
Microsoft Visual Studio Solution File, Format Version 12.00
# Visual Studio Version 17
VisualStudioVersion = 17.1.32328.378
MinimumVisualStudioVersion = 10.0.40219.1
Project("{FAE04EC0-301F-11D3-BF4B-00C04F79EFBC}") = "API_Assignment", "API_Assignment\API_Assignment.csproj", "{EA2716ED-5EB0-46AB-B5EA-39011A124B1B}"
EndProject
Global
	GlobalSection(SolutionConfigurationPlatforms) = preSolution
		Debug|Any CPU = Debug|Any CPU
		Release|Any CPU = Release|Any CPU
	EndGlobalSection
	GlobalSection(ProjectConfigurationPlatforms) = postSolution
		{EA2716ED-5EB0-46AB-B5EA-39011A124B1B}.Debug|Any CPU.ActiveCfg = Debug|Any CPU
		{EA2716ED-5EB0-46AB-B5EA-39011A124B1B}.Debug|Any CPU.Build.0 = Debug|Any CPU
		{EA2716ED-5EB0-46AB-B5EA-39011A124B1B}.Release|Any CPU.ActiveCfg = Release|Any CPU
		{EA2716ED-5EB0-46AB-B5EA-39011A124B1B}.Release|Any CPU.Build.0 = Release|Any CPU
	EndGlobalSection
	GlobalSection(SolutionProperties) = preSolution
		HideSolutionNode = FALSE
	EndGlobalSection
	GlobalSection(ExtensibilityGlobals) = postSolution
		SolutionGuid = {92399D13-65F5-4483-B36D-0179E6AB1FE7}
	EndGlobalSection
EndGlobal
